
Microsoft Visual Studio Solution File, Format Version 12.00
# Visual Studio 16
Project("{FAE04EC0-301F-11D3-BF4B-00C04F79EFBC}") = "Assembly-CSharp", "Assembly-CSharp.csproj", "{383FE5E7-51F8-537C-1A1E-EE0C8DFB05CD}"
EndProject
Project("{FAE04EC0-301F-11D3-BF4B-00C04F79EFBC}") = "Assembly-CSharp-Editor", "Assembly-CSharp-Editor.csproj", "{186488BD-0EDA-220B-D1CF-AE221D1F93FD}"
EndProject
Global
	GlobalSection(SolutionConfigurationPlatforms) = preSolution
		Debug|Any CPU = Debug|Any CPU
		Release|Any CPU = Release|Any CPU
	EndGlobalSection
	GlobalSection(ProjectConfigurationPlatforms) = postSolution
		{383FE5E7-51F8-537C-1A1E-EE0C8DFB05CD}.Debug|Any CPU.ActiveCfg = Debug|Any CPU
		{383FE5E7-51F8-537C-1A1E-EE0C8DFB05CD}.Debug|Any CPU.Build.0 = Debug|Any CPU
		{383FE5E7-51F8-537C-1A1E-EE0C8DFB05CD}.Release|Any CPU.ActiveCfg = Release|Any CPU
		{383FE5E7-51F8-537C-1A1E-EE0C8DFB05CD}.Release|Any CPU.Build.0 = Release|Any CPU
		{186488BD-0EDA-220B-D1CF-AE221D1F93FD}.Debug|Any CPU.ActiveCfg = Debug|Any CPU
		{186488BD-0EDA-220B-D1CF-AE221D1F93FD}.Debug|Any CPU.Build.0 = Debug|Any CPU
		{186488BD-0EDA-220B-D1CF-AE221D1F93FD}.Release|Any CPU.ActiveCfg = Release|Any CPU
		{186488BD-0EDA-220B-D1CF-AE221D1F93FD}.Release|Any CPU.Build.0 = Release|Any CPU
	EndGlobalSection
	GlobalSection(SolutionProperties) = preSolution
		HideSolutionNode = FALSE
	EndGlobalSection
EndGlobal
